
Microsoft Visual Studio Solution File, Format Version 12.00
# Visual Studio Version 17
VisualStudioVersion = 17.7.34024.191
MinimumVisualStudioVersion = 10.0.40219.1
Project("{9A19103F-16F7-4668-BE54-9A1E7A4F7556}") = "Movies", "Movies\Movies.csproj", "{6A81B613-D0E6-4CAF-A737-D58F09BE42D5}"
EndProject
Project("{9A19103F-16F7-4668-BE54-9A1E7A4F7556}") = "Ispit.Todo", "Ispit.Todo\Ispit.Todo.csproj", "{2740CC46-554B-4B3F-8320-B05CE6649585}"
EndProject
Global
	GlobalSection(SolutionConfigurationPlatforms) = preSolution
		Debug|Any CPU = Debug|Any CPU
		Release|Any CPU = Release|Any CPU
	EndGlobalSection
	GlobalSection(ProjectConfigurationPlatforms) = postSolution
		{6A81B613-D0E6-4CAF-A737-D58F09BE42D5}.Debug|Any CPU.ActiveCfg = Debug|Any CPU
		{6A81B613-D0E6-4CAF-A737-D58F09BE42D5}.Debug|Any CPU.Build.0 = Debug|Any CPU
		{6A81B613-D0E6-4CAF-A737-D58F09BE42D5}.Release|Any CPU.ActiveCfg = Release|Any CPU
		{6A81B613-D0E6-4CAF-A737-D58F09BE42D5}.Release|Any CPU.Build.0 = Release|Any CPU
		{2740CC46-554B-4B3F-8320-B05CE6649585}.Debug|Any CPU.ActiveCfg = Debug|Any CPU
		{2740CC46-554B-4B3F-8320-B05CE6649585}.Debug|Any CPU.Build.0 = Debug|Any CPU
		{2740CC46-554B-4B3F-8320-B05CE6649585}.Release|Any CPU.ActiveCfg = Release|Any CPU
		{2740CC46-554B-4B3F-8320-B05CE6649585}.Release|Any CPU.Build.0 = Release|Any CPU
	EndGlobalSection
	GlobalSection(SolutionProperties) = preSolution
		HideSolutionNode = FALSE
	EndGlobalSection
	GlobalSection(ExtensibilityGlobals) = postSolution
		SolutionGuid = {89D1B43C-54B5-4D2B-B1F0-8DD5818DE8F3}
	EndGlobalSection
EndGlobal
